
Microsoft Visual Studio Solution File, Format Version 12.00
# Visual Studio Version 17
VisualStudioVersion = 17.10.35027.167
MinimumVisualStudioVersion = 10.0.40219.1
Project("{FAE04EC0-301F-11D3-BF4B-00C04F79EFBC}") = "iOSFail", "iOSFail\iOSFail.csproj", "{3F293A9E-3D67-4B2E-8689-0B33E856E902}"
EndProject
Global
	GlobalSection(SolutionConfigurationPlatforms) = preSolution
		Debug|Any CPU = Debug|Any CPU
		Release|Any CPU = Release|Any CPU
	EndGlobalSection
	GlobalSection(ProjectConfigurationPlatforms) = postSolution
		{3F293A9E-3D67-4B2E-8689-0B33E856E902}.Debug|Any CPU.ActiveCfg = Debug|Any CPU
		{3F293A9E-3D67-4B2E-8689-0B33E856E902}.Debug|Any CPU.Build.0 = Debug|Any CPU
		{3F293A9E-3D67-4B2E-8689-0B33E856E902}.Debug|Any CPU.Deploy.0 = Debug|Any CPU
		{3F293A9E-3D67-4B2E-8689-0B33E856E902}.Release|Any CPU.ActiveCfg = Release|Any CPU
		{3F293A9E-3D67-4B2E-8689-0B33E856E902}.Release|Any CPU.Build.0 = Release|Any CPU
		{3F293A9E-3D67-4B2E-8689-0B33E856E902}.Release|Any CPU.Deploy.0 = Release|Any CPU
	EndGlobalSection
	GlobalSection(SolutionProperties) = preSolution
		HideSolutionNode = FALSE
	EndGlobalSection
	GlobalSection(ExtensibilityGlobals) = postSolution
		SolutionGuid = {F25E5DCF-311B-4213-944E-D11F790FEC52}
	EndGlobalSection
EndGlobal
